
Microsoft Visual Studio Solution File, Format Version 12.00
# Visual Studio 15
VisualStudioVersion = 15.0.28307.136
MinimumVisualStudioVersion = 10.0.40219.1
Project("{FAE04EC0-301F-11D3-BF4B-00C04F79EFBC}") = "AppCenterTest.Android", "AppCenterTest\AppCenterTest.Android\AppCenterTest.Android.csproj", "{FEFBAC3A-1B7F-4B6C-8237-BA58AF085D3E}"
EndProject
Project("{FAE04EC0-301F-11D3-BF4B-00C04F79EFBC}") = "AppCenterTest.iOS", "AppCenterTest\AppCenterTest.iOS\AppCenterTest.iOS.csproj", "{563B2C43-4112-4BFA-9E06-B20B32B8E712}"
EndProject
Project("{FAE04EC0-301F-11D3-BF4B-00C04F79EFBC}") = "AppCenterTest", "AppCenterTest\AppCenterTest\AppCenterTest.csproj", "{62F38D7B-0E07-4B05-BA9B-C7497FAA948E}"
EndProject
Global
	GlobalSection(SolutionConfigurationPlatforms) = preSolution
		Ad-Hoc|Any CPU = Ad-Hoc|Any CPU
		Ad-Hoc|iPhone = Ad-Hoc|iPhone
		Ad-Hoc|iPhoneSimulator = Ad-Hoc|iPhoneSimulator
		AppStore|Any CPU = AppStore|Any CPU
		AppStore|iPhone = AppStore|iPhone
		AppStore|iPhoneSimulator = AppStore|iPhoneSimulator
		Debug|Any CPU = Debug|Any CPU
		Debug|iPhone = Debug|iPhone
		Debug|iPhoneSimulator = Debug|iPhoneSimulator
		Release|Any CPU = Release|Any CPU
		Release|iPhone = Release|iPhone
		Release|iPhoneSimulator = Release|iPhoneSimulator
	EndGlobalSection
	GlobalSection(ProjectConfigurationPlatforms) = postSolution
		{FEFBAC3A-1B7F-4B6C-8237-BA58AF085D3E}.Ad-Hoc|Any CPU.ActiveCfg = Release|Any CPU
		{FEFBAC3A-1B7F-4B6C-8237-BA58AF085D3E}.Ad-Hoc|Any CPU.Build.0 = Release|Any CPU
		{FEFBAC3A-1B7F-4B6C-8237-BA58AF085D3E}.Ad-Hoc|Any CPU.Deploy.0 = Release|Any CPU
		{FEFBAC3A-1B7F-4B6C-8237-BA58AF085D3E}.Ad-Hoc|iPhone.ActiveCfg = Release|Any CPU
		{FEFBAC3A-1B7F-4B6C-8237-BA58AF085D3E}.Ad-Hoc|iPhone.Build.0 = Release|Any CPU
		{FEFBAC3A-1B7F-4B6C-8237-BA58AF085D3E}.Ad-Hoc|iPhone.Deploy.0 = Release|Any CPU
		{FEFBAC3A-1B7F-4B6C-8237-BA58AF085D3E}.Ad-Hoc|iPhoneSimulator.ActiveCfg = Release|Any CPU
		{FEFBAC3A-1B7F-4B6C-8237-BA58AF085D3E}.Ad-Hoc|iPhoneSimulator.Build.0 = Release|Any CPU
		{FEFBAC3A-1B7F-4B6C-8237-BA58AF085D3E}.Ad-Hoc|iPhoneSimulator.Deploy.0 = Release|Any CPU
		{FEFBAC3A-1B7F-4B6C-8237-BA58AF085D3E}.AppStore|Any CPU.ActiveCfg = Release|Any CPU
		{FEFBAC3A-1B7F-4B6C-8237-BA58AF085D3E}.AppStore|Any CPU.Build.0 = Release|Any CPU
		{FEFBAC3A-1B7F-4B6C-8237-BA58AF085D3E}.AppStore|Any CPU.Deploy.0 = Release|Any CPU
		{FEFBAC3A-1B7F-4B6C-8237-BA58AF085D3E}.AppStore|iPhone.ActiveCfg = Release|Any CPU
		{FEFBAC3A-1B7F-4B6C-8237-BA58AF085D3E}.AppStore|iPhone.Build.0 = Release|Any CPU
		{FEFBAC3A-1B7F-4B6C-8237-BA58AF085D3E}.AppStore|iPhone.Deploy.0 = Release|Any CPU
		{FEFBAC3A-1B7F-4B6C-8237-BA58AF085D3E}.AppStore|iPhoneSimulator.ActiveCfg = Release|Any CPU
		{FEFBAC3A-1B7F-4B6C-8237-BA58AF085D3E}.AppStore|iPhoneSimulator.Build.0 = Release|Any CPU
		{FEFBAC3A-1B7F-4B6C-8237-BA58AF085D3E}.AppStore|iPhoneSimulator.Deploy.0 = Release|Any CPU
		{FEFBAC3A-1B7F-4B6C-8237-BA58AF085D3E}.Debug|Any CPU.ActiveCfg = Debug|Any CPU
		{FEFBAC3A-1B7F-4B6C-8237-BA58AF085D3E}.Debug|Any CPU.Build.0 = Debug|Any CPU
		{FEFBAC3A-1B7F-4B6C-8237-BA58AF085D3E}.Debug|Any CPU.Deploy.0 = Debug|Any CPU
		{FEFBAC3A-1B7F-4B6C-8237-BA58AF085D3E}.Debug|iPhone.ActiveCfg = Debug|Any CPU
		{FEFBAC3A-1B7F-4B6C-8237-BA58AF085D3E}.Debug|iPhone.Build.0 = Debug|Any CPU
		{FEFBAC3A-1B7F-4B6C-8237-BA58AF085D3E}.Debug|iPhone.Deploy.0 = Debug|Any CPU
		{FEFBAC3A-1B7F-4B6C-8237-BA58AF085D3E}.Debug|iPhoneSimulator.ActiveCfg = Debug|Any CPU
		{FEFBAC3A-1B7F-4B6C-8237-BA58AF085D3E}.Debug|iPhoneSimulator.Build.0 = Debug|Any CPU
		{FEFBAC3A-1B7F-4B6C-8237-BA58AF085D3E}.Debug|iPhoneSimulator.Deploy.0 = Debug|Any CPU
		{FEFBAC3A-1B7F-4B6C-8237-BA58AF085D3E}.Release|Any CPU.ActiveCfg = Release|Any CPU
		{FEFBAC3A-1B7F-4B6C-8237-BA58AF085D3E}.Release|Any CPU.Build.0 = Release|Any CPU
		{FEFBAC3A-1B7F-4B6C-8237-BA58AF085D3E}.Release|Any CPU.Deploy.0 = Release|Any CPU
		{FEFBAC3A-1B7F-4B6C-8237-BA58AF085D3E}.Release|iPhone.ActiveCfg = Release|Any CPU
		{FEFBAC3A-1B7F-4B6C-8237-BA58AF085D3E}.Release|iPhone.Build.0 = Release|Any CPU
		{FEFBAC3A-1B7F-4B6C-8237-BA58AF085D3E}.Release|iPhone.Deploy.0 = Release|Any CPU
		{FEFBAC3A-1B7F-4B6C-8237-BA58AF085D3E}.Release|iPhoneSimulator.ActiveCfg = Release|Any CPU
		{FEFBAC3A-1B7F-4B6C-8237-BA58AF085D3E}.Release|iPhoneSimulator.Build.0 = Release|Any CPU
		{FEFBAC3A-1B7F-4B6C-8237-BA58AF085D3E}.Release|iPhoneSimulator.Deploy.0 = Release|Any CPU
		{563B2C43-4112-4BFA-9E06-B20B32B8E712}.Ad-Hoc|Any CPU.ActiveCfg = Ad-Hoc|iPhone
		{563B2C43-4112-4BFA-9E06-B20B32B8E712}.Ad-Hoc|Any CPU.Build.0 = Ad-Hoc|iPhone
		{563B2C43-4112-4BFA-9E06-B20B32B8E712}.Ad-Hoc|Any CPU.Deploy.0 = Ad-Hoc|iPhone
		{563B2C43-4112-4BFA-9E06-B20B32B8E712}.Ad-Hoc|iPhone.ActiveCfg = Ad-Hoc|iPhone
		{563B2C43-4112-4BFA-9E06-B20B32B8E712}.Ad-Hoc|iPhone.Build.0 = Ad-Hoc|iPhone
		{563B2C43-4112-4BFA-9E06-B20B32B8E712}.Ad-Hoc|iPhone.Deploy.0 = Ad-Hoc|iPhone
		{563B2C43-4112-4BFA-9E06-B20B32B8E712}.Ad-Hoc|iPhoneSimulator.ActiveCfg = Ad-Hoc|iPhoneSimulator
		{563B2C43-4112-4BFA-9E06-B20B32B8E712}.Ad-Hoc|iPhoneSimulator.Build.0 = Ad-Hoc|iPhoneSimulator
		{563B2C43-4112-4BFA-9E06-B20B32B8E712}.Ad-Hoc|iPhoneSimulator.Deploy.0 = Ad-Hoc|iPhoneSimulator
		{563B2C43-4112-4BFA-9E06-B20B32B8E712}.AppStore|Any CPU.ActiveCfg = AppStore|iPhone
		{563B2C43-4112-4BFA-9E06-B20B32B8E712}.AppStore|Any CPU.Build.0 = AppStore|iPhone
		{563B2C43-4112-4BFA-9E06-B20B32B8E712}.AppStore|Any CPU.Deploy.0 = AppStore|iPhone
		{563B2C43-4112-4BFA-9E06-B20B32B8E712}.AppStore|iPhone.ActiveCfg = AppStore|iPhone
		{563B2C43-4112-4BFA-9E06-B20B32B8E712}.AppStore|iPhone.Build.0 = AppStore|iPhone
		{563B2C43-4112-4BFA-9E06-B20B32B8E712}.AppStore|iPhone.Deploy.0 = AppStore|iPhone
		{563B2C43-4112-4BFA-9E06-B20B32B8E712}.AppStore|iPhoneSimulator.ActiveCfg = AppStore|iPhoneSimulator
		{563B2C43-4112-4BFA-9E06-B20B32B8E712}.AppStore|iPhoneSimulator.Build.0 = AppStore|iPhoneSimulator
		{563B2C43-4112-4BFA-9E06-B20B32B8E712}.AppStore|iPhoneSimulator.Deploy.0 = AppStore|iPhoneSimulator
		{563B2C43-4112-4BFA-9E06-B20B32B8E712}.Debug|Any CPU.ActiveCfg = Debug|iPhoneSimulator
		{563B2C43-4112-4BFA-9E06-B20B32B8E712}.Debug|Any CPU.Build.0 = Debug|iPhoneSimulator
		{563B2C43-4112-4BFA-9E06-B20B32B8E712}.Debug|Any CPU.Deploy.0 = Debug|iPhoneSimulator
		{563B2C43-4112-4BFA-9E06-B20B32B8E712}.Debug|iPhone.ActiveCfg = Debug|iPhone
		{563B2C43-4112-4BFA-9E06-B20B32B8E712}.Debug|iPhone.Build.0 = Debug|iPhone
		{563B2C43-4112-4BFA-9E06-B20B32B8E712}.Debug|iPhone.Deploy.0 = Debug|iPhone
		{563B2C43-4112-4BFA-9E06-B20B32B8E712}.Debug|iPhoneSimulator.ActiveCfg = Debug|iPhoneSimulator
		{563B2C43-4112-4BFA-9E06-B20B32B8E712}.Debug|iPhoneSimulator.Build.0 = Debug|iPhoneSimulator
		{563B2C43-4112-4BFA-9E06-B20B32B8E712}.Debug|iPhoneSimulator.Deploy.0 = Debug|iPhoneSimulator
		{563B2C43-4112-4BFA-9E06-B20B32B8E712}.Release|Any CPU.ActiveCfg = Release|iPhone
		{563B2C43-4112-4BFA-9E06-B20B32B8E712}.Release|Any CPU.Build.0 = Release|iPhone
		{563B2C43-4112-4BFA-9E06-B20B32B8E712}.Release|Any CPU.Deploy.0 = Release|iPhone
		{563B2C43-4112-4BFA-9E06-B20B32B8E712}.Release|iPhone.ActiveCfg = Release|iPhone
		{563B2C43-4112-4BFA-9E06-B20B32B8E712}.Release|iPhone.Build.0 = Release|iPhone
		{563B2C43-4112-4BFA-9E06-B20B32B8E712}.Release|iPhone.Deploy.0 = Release|iPhone
		{563B2C43-4112-4BFA-9E06-B20B32B8E712}.Release|iPhoneSimulator.ActiveCfg = Release|iPhoneSimulator
		{563B2C43-4112-4BFA-9E06-B20B32B8E712}.Release|iPhoneSimulator.Build.0 = Release|iPhoneSimulator
		{563B2C43-4112-4BFA-9E06-B20B32B8E712}.Release|iPhoneSimulator.Deploy.0 = Release|iPhoneSimulator
		{62F38D7B-0E07-4B05-BA9B-C7497FAA948E}.Ad-Hoc|Any CPU.ActiveCfg = Debug|Any CPU
		{62F38D7B-0E07-4B05-BA9B-C7497FAA948E}.Ad-Hoc|Any CPU.Build.0 = Debug|Any CPU
		{62F38D7B-0E07-4B05-BA9B-C7497FAA948E}.Ad-Hoc|Any CPU.Deploy.0 = Debug|Any CPU
		{62F38D7B-0E07-4B05-BA9B-C7497FAA948E}.Ad-Hoc|iPhone.ActiveCfg = Debug|Any CPU
		{62F38D7B-0E07-4B05-BA9B-C7497FAA948E}.Ad-Hoc|iPhone.Build.0 = Debug|Any CPU
		{62F38D7B-0E07-4B05-BA9B-C7497FAA948E}.Ad-Hoc|iPhone.Deploy.0 = Debug|Any CPU
		{62F38D7B-0E07-4B05-BA9B-C7497FAA948E}.Ad-Hoc|iPhoneSimulator.ActiveCfg = Debug|Any CPU
		{62F38D7B-0E07-4B05-BA9B-C7497FAA948E}.Ad-Hoc|iPhoneSimulator.Build.0 = Debug|Any CPU
		{62F38D7B-0E07-4B05-BA9B-C7497FAA948E}.Ad-Hoc|iPhoneSimulator.Deploy.0 = Debug|Any CPU
		{62F38D7B-0E07-4B05-BA9B-C7497FAA948E}.AppStore|Any CPU.ActiveCfg = Debug|Any CPU
		{62F38D7B-0E07-4B05-BA9B-C7497FAA948E}.AppStore|Any CPU.Build.0 = Debug|Any CPU
		{62F38D7B-0E07-4B05-BA9B-C7497FAA948E}.AppStore|Any CPU.Deploy.0 = Debug|Any CPU
		{62F38D7B-0E07-4B05-BA9B-C7497FAA948E}.AppStore|iPhone.ActiveCfg = Debug|Any CPU
		{62F38D7B-0E07-4B05-BA9B-C7497FAA948E}.AppStore|iPhone.Build.0 = Debug|Any CPU
		{62F38D7B-0E07-4B05-BA9B-C7497FAA948E}.AppStore|iPhone.Deploy.0 = Debug|Any CPU
		{62F38D7B-0E07-4B05-BA9B-C7497FAA948E}.AppStore|iPhoneSimulator.ActiveCfg = Debug|Any CPU
		{62F38D7B-0E07-4B05-BA9B-C7497FAA948E}.AppStore|iPhoneSimulator.Build.0 = Debug|Any CPU
		{62F38D7B-0E07-4B05-BA9B-C7497FAA948E}.AppStore|iPhoneSimulator.Deploy.0 = Debug|Any CPU
		{62F38D7B-0E07-4B05-BA9B-C7497FAA948E}.Debug|Any CPU.ActiveCfg = Debug|Any CPU
		{62F38D7B-0E07-4B05-BA9B-C7497FAA948E}.Debug|Any CPU.Build.0 = Debug|Any CPU
		{62F38D7B-0E07-4B05-BA9B-C7497FAA948E}.Debug|Any CPU.Deploy.0 = Debug|Any CPU
		{62F38D7B-0E07-4B05-BA9B-C7497FAA948E}.Debug|iPhone.ActiveCfg = Debug|Any CPU
		{62F38D7B-0E07-4B05-BA9B-C7497FAA948E}.Debug|iPhone.Build.0 = Debug|Any CPU
		{62F38D7B-0E07-4B05-BA9B-C7497FAA948E}.Debug|iPhone.Deploy.0 = Debug|Any CPU
		{62F38D7B-0E07-4B05-BA9B-C7497FAA948E}.Debug|iPhoneSimulator.ActiveCfg = Debug|Any CPU
		{62F38D7B-0E07-4B05-BA9B-C7497FAA948E}.Debug|iPhoneSimulator.Build.0 = Debug|Any CPU
		{62F38D7B-0E07-4B05-BA9B-C7497FAA948E}.Debug|iPhoneSimulator.Deploy.0 = Debug|Any CPU
		{62F38D7B-0E07-4B05-BA9B-C7497FAA948E}.Release|Any CPU.ActiveCfg = Release|Any CPU
		{62F38D7B-0E07-4B05-BA9B-C7497FAA948E}.Release|Any CPU.Build.0 = Release|Any CPU
		{62F38D7B-0E07-4B05-BA9B-C7497FAA948E}.Release|Any CPU.Deploy.0 = Release|Any CPU
		{62F38D7B-0E07-4B05-BA9B-C7497FAA948E}.Release|iPhone.ActiveCfg = Release|Any CPU
		{62F38D7B-0E07-4B05-BA9B-C7497FAA948E}.Release|iPhone.Build.0 = Release|Any CPU
		{62F38D7B-0E07-4B05-BA9B-C7497FAA948E}.Release|iPhone.Deploy.0 = Release|Any CPU
		{62F38D7B-0E07-4B05-BA9B-C7497FAA948E}.Release|iPhoneSimulator.ActiveCfg = Release|Any CPU
		{62F38D7B-0E07-4B05-BA9B-C7497FAA948E}.Release|iPhoneSimulator.Build.0 = Release|Any CPU
		{62F38D7B-0E07-4B05-BA9B-C7497FAA948E}.Release|iPhoneSimulator.Deploy.0 = Release|Any CPU
	EndGlobalSection
	GlobalSection(SolutionProperties) = preSolution
		HideSolutionNode = FALSE
	EndGlobalSection
	GlobalSection(ExtensibilityGlobals) = postSolution
		SolutionGuid = {803FA27F-52B2-4689-B238-840DA749777D}
	EndGlobalSection
EndGlobal
